{
  "requires": true,
  "lockfileVersion": 1,
  "dependencies": {
    "bootstrap": {
      "version": "4.3.1",
      "resolved": "https://registry.npmjs.org/bootstrap/-/bootstrap-4.3.1.tgz",
      "integrity": "sha512-rXqOmH1VilAt2DyPzluTi2blhk17bO7ef+zLLPlWvG494pDxcM234pJ8wTc/6R40UWizAIIMgxjvxZg5kmsbag=="
    },
    "jquery.js": {
      "version": "0.0.2-security",
      "resolved": "https://registry.npmjs.org/jquery.js/-/jquery.js-0.0.2-security.tgz",
      "integrity": "sha512-ezUV4Jx39k9jyZjKQEkvno0JDSICSixlXEEJP7QlH2g0FS+nPinvunuI2sWHTikXq6fr44JOgEnCAIsfLZufcg=="
    }
  }
}
